<?xml version="1.0" encoding="UTF-8" standalone="yes" ?>
<CodeBlocks_project_file>
	<FileVersion major="1" minor="6" />
	<Project>
		<Option title="Arbol" />
		<Option pch_mode="2" />
		<Option compiler="gcc" />
		<Build>
			<Target title="Debug">
				<Option output="bin/Debug/Arbol" prefix_auto="1" extension_auto="1" />
				<Option object_output="obj/Debug/" />
				<Option type="1" />
				<Option compiler="gcc" />
				<Compiler>
					<Add option="-g" />
				</Compiler>
			</Target>
			<Target title="Release">
				<Option output="bin/Release/Arbol" prefix_auto="1" extension_auto="1" />
				<Option object_output="obj/Release/" />
				<Option type="1" />
				<Option compiler="gcc" />
				<Compiler>
					<Add option="-O2" />
				</Compiler>
				<Linker>
					<Add option="-s" />
				</Linker>
			</Target>
		</Build>
		<Compiler>
			<Add option="-Wall" />
		</Compiler>
		<Unit filename="TDA_Arbol/TDA_Arbol.c">
			<Option compilerVar="CC" />
		</Unit>
		<Unit filename="TDA_Arbol/TDA_Arbol.h" />
		<Unit filename="TDA_Arbol/TDA_Arbol_Arch.c">
			<Option compilerVar="CC" />
		</Unit>
		<Unit filename="TDA_Arbol/TDA_Arbol_Arch.h" />
		<Unit filename="TDA_Arbol/TDA_Arbol_Ind.c">
			<Option compilerVar="CC" />
		</Unit>
		<Unit filename="TDA_Arbol/TDA_Arbol_Ind.h" />
		<Unit filename="TDA_Arbol/archs_gen.c">
			<Option compilerVar="CC" />
		</Unit>
		<Unit filename="TDA_Arbol/archs_gen.h" />
		<Unit filename="main.c">
			<Option compilerVar="CC" />
		</Unit>
		<Unit filename="utilidades.c">
			<Option compilerVar="CC" />
		</Unit>
		<Unit filename="utilidades.h" />
		<Extensions>
			<lib_finder disable_auto="1" />
		</Extensions>
	</Project>
</CodeBlocks_project_file>
